
Microsoft Visual Studio Solution File, Format Version 12.00
# Visual Studio Version 16
VisualStudioVersion = 16.0.29123.88
MinimumVisualStudioVersion = 10.0.40219.1
Project("{FAE04EC0-301F-11D3-BF4B-00C04F79EFBC}") = "Moodle.Api", "Moodle.Api/Moodle.Api.csproj", "{A53CE1BA-ABA3-4E86-805D-5A642722F203}"
EndProject
Global
	GlobalSection(SolutionConfigurationPlatforms) = preSolution
		Debug|Any CPU = Debug|Any CPU
		Release|Any CPU = Release|Any CPU
	EndGlobalSection
	GlobalSection(ProjectConfigurationPlatforms) = postSolution
		{A53CE1BA-ABA3-4E86-805D-5A642722F203}.Debug|Any CPU.ActiveCfg = Debug|Any CPU
		{A53CE1BA-ABA3-4E86-805D-5A642722F203}.Debug|Any CPU.Build.0 = Debug|Any CPU
		{A53CE1BA-ABA3-4E86-805D-5A642722F203}.Release|Any CPU.ActiveCfg = Release|Any CPU
		{A53CE1BA-ABA3-4E86-805D-5A642722F203}.Release|Any CPU.Build.0 = Release|Any CPU
	EndGlobalSection
	GlobalSection(SolutionProperties) = preSolution
		HideSolutionNode = FALSE
	EndGlobalSection
	GlobalSection(ExtensibilityGlobals) = postSolution
		SolutionGuid = {DCBC17E2-03BE-4B43-A000-BF3E2C8376D7}
	EndGlobalSection
EndGlobal
